// !$*UTF8*$!
{
	archiveVersion = 1;
	classes = {
	};
	objectVersion = 48;
	objects = {

/* Begin PBXBuildFile section */
		FB5C9B701F1BB72700448D72 /* AppDelegate.swift in Sources */ = {isa = PBXBuildFile; fileRef = FB5C9B6F1F1BB72700448D72 /* AppDelegate.swift */; };
		FB5C9B721F1BB72700448D72 /* ViewController.swift in Sources */ = {isa = PBXBuildFile; fileRef = FB5C9B711F1BB72700448D72 /* ViewController.swift */; };
		FB5C9B751F1BB72700448D72 /* Main.storyboard in Resources */ = {isa = PBXBuildFile; fileRef = FB5C9B731F1BB72700448D72 /* Main.storyboard */; };
		FB5C9B771F1BB72700448D72 /* Assets.xcassets in Resources */ = {isa = PBXBuildFile; fileRef = FB5C9B761F1BB72700448D72 /* Assets.xcassets */; };
		FB5C9B7A1F1BB72700448D72 /* LaunchScreen.storyboard in Resources */ = {isa = PBXBuildFile; fileRef = FB5C9B781F1BB72700448D72 /* LaunchScreen.storyboard */; };
		FB5C9B851F1BB72800448D72 /* FoodTrackerTests.swift in Sources */ = {isa = PBXBuildFile; fileRef = FB5C9B841F1BB72800448D72 /* FoodTrackerTests.swift */; };
/* End PBXBuildFile section */

/* Begin PBXContainerItemProxy section */
		FB5C9B811F1BB72800448D72 /* PBXContainerItemProxy */ = {
			isa = PBXContainerItemProxy;
			containerPortal = FB5C9B641F1BB72700448D72 /* Project object */;
			proxyType = 1;
			remoteGlobalIDString = FB5C9B6B1F1BB72700448D72;
			remoteInfo = FoodTracker;
		};
/* End PBXContainerItemProxy section */

/* Begin PBXFileReference section */
		FB5C9B6C1F1BB72700448D72 /* FoodTracker.app */ = {isa = PBXFileReference; explicitFileType = wrapper.application; includeInIndex = 0; path = FoodTracker.app; sourceTree = BUILT_PRODUCTS_DIR; };
		FB5C9B6F1F1BB72700448D72 /* AppDelegate.swift */ = {isa = PBXFileReference; lastKnownFileType = sourcecode.swift; path = AppDelegate.swift; sourceTree = "<group>"; };
		FB5C9B711F1BB72700448D72 /* ViewController.swift */ = {isa = PBXFileReference; lastKnownFileType = sourcecode.swift; path = ViewController.swift; sourceTree = "<group>"; };
		FB5C9B741F1BB72700448D72 /* Base */ = {isa = PBXFileReference; lastKnownFileType = file.storyboard; name = Base; path = Base.lproj/Main.storyboard; sourceTree = "<group>"; };
		FB5C9B761F1BB72700448D72 /* Assets.xcassets */ = {isa = PBXFileReference; lastKnownFileType = folder.assetcatalog; path = Assets.xcassets; sourceTree = "<group>"; };
		FB5C9B791F1BB72700448D72 /* Base */ = {isa = PBXFileReference; lastKnownFileType = file.storyboard; name = Base; path = Base.lproj/LaunchScreen.storyboard; sourceTree = "<group>"; };
		FB5C9B7B1F1BB72800448D72 /* Info.plist */ = {isa = PBXFileReference; lastKnownFileType = text.plist.xml; path = Info.plist; sourceTree = "<group>"; };
		FB5C9B801F1BB72800448D72 /* FoodTrackerTests.xctest */ = {isa = PBXFileReference; explicitFileType = wrapper.cfbundle; includeInIndex = 0; path = FoodTrackerTests.xctest; sourceTree = BUILT_PRODUCTS_DIR; };
		FB5C9B841F1BB72800448D72 /* FoodTrackerTests.swift */ = {isa = PBXFileReference; lastKnownFileType = sourcecode.swift; path = FoodTrackerTests.swift; sourceTree = "<group>"; };
		FB5C9B861F1BB72800448D72 /* Info.plist */ = {isa = PBXFileReference; lastKnownFileType = text.plist.xml; path = Info.plist; sourceTree = "<group>"; };
/* End PBXFileReference section */

/* Begin PBXFrameworksBuildPhase section */
		FB5C9B691F1BB72700448D72 /* Frameworks */ = {
			isa = PBXFrameworksBuildPhase;
			buildActionMask = 2147483647;
			files = (
			);
			runOnlyForDeploymentPostprocessing = 0;
		};
		FB5C9B7D1F1BB72800448D72 /* Frameworks */ = {
			isa = PBXFrameworksBuildPhase;
			buildActionMask = 2147483647;
			files = (
			);
			runOnlyForDeploymentPostprocessing = 0;
		};
/* End PBXFrameworksBuildPhase section */

/* Begin PBXGroup section */
		FB5C9B631F1BB72700448D72 = {
			isa = PBXGroup;
			children = (
				FB5C9B6E1F1BB72700448D72 /* FoodTracker */,
				FB5C9B831F1BB72800448D72 /* FoodTrackerTests */,
				FB5C9B6D1F1BB72700448D72 /* Products */,
			);
			sourceTree = "<group>";
		};
		FB5C9B6D1F1BB72700448D72 /* Products */ = {
			isa = PBXGroup;
			children = (
				FB5C9B6C1F1BB72700448D72 /* FoodTracker.app */,
				FB5C9B801F1BB72800448D72 /* FoodTrackerTests.xctest */,
			);
			name = Products;
			sourceTree = "<group>";
		};
		FB5C9B6E1F1BB72700448D72 /* FoodTracker */ = {
			isa = PBXGroup;
			children = (
				FB5C9B6F1F1BB72700448D72 /* AppDelegate.swift */,
				FB5C9B711F1BB72700448D72 /* ViewController.swift */,
				FB5C9B731F1BB72700448D72 /* Main.storyboard */,
				FB5C9B761F1BB72700448D72 /* Assets.xcassets */,
				FB5C9B781F1BB72700448D72 /* LaunchScreen.storyboard */,
				FB5C9B7B1F1BB72800448D72 /* Info.plist */,
			);
			path = FoodTracker;
			sourceTree = "<group>";
		};
		FB5C9B831F1BB72800448D72 /* FoodTrackerTests */ = {
			isa = PBXGroup;
			children = (
				FB5C9B841F1BB72800448D72 /* FoodTrackerTests.swift */,
				FB5C9B861F1BB72800448D72 /* Info.plist */,
			);
			path = FoodTrackerTests;
			sourceTree = "<group>";
		};
/* End PBXGroup section */

/* Begin PBXNativeTarget section */
		FB5C9B6B1F1BB72700448D72 /* FoodTracker */ = {
			isa = PBXNativeTarget;
			buildConfigurationList = FB5C9B891F1BB72800448D72 /* Build configuration list for PBXNativeTarget "FoodTracker" */;
			buildPhases = (
				FB5C9B681F1BB72700448D72 /* Sources */,
				FB5C9B691F1BB72700448D72 /* Frameworks */,
				FB5C9B6A1F1BB72700448D72 /* Resources */,
			);
			buildRules = (
			);
			dependencies = (
			);
			name = FoodTracker;
			productName = FoodTracker;
			productReference = FB5C9B6C1F1BB72700448D72 /* FoodTracker.app */;
			productType = "com.apple.product-type.application";
		};
		FB5C9B7F1F1BB72800448D72 /* FoodTrackerTests */ = {
			isa = PBXNativeTarget;
			buildConfigurationList = FB5C9B8C1F1BB72800448D72 /* Build configuration list for PBXNativeTarget "FoodTrackerTests" */;
			buildPhases = (
				FB5C9B7C1F1BB72800448D72 /* Sources */,
				FB5C9B7D1F1BB72800448D72 /* Frameworks */,
				FB5C9B7E1F1BB72800448D72 /* Resources */,
			);
			buildRules = (
			);
			dependencies = (
				FB5C9B821F1BB72800448D72 /* PBXTargetDependency */,
			);
			name = FoodTrackerTests;
			productName = FoodTrackerTests;
			productReference = FB5C9B801F1BB72800448D72 /* FoodTrackerTests.xctest */;
			productType = "com.apple.product-type.bundle.unit-test";
		};
/* End PBXNativeTarget section */

/* Begin PBXProject section */
		FB5C9B641F1BB72700448D72 /* Project object */ = {
			isa = PBXProject;
			attributes = {
				LastSwiftUpdateCheck = 0820;
				LastUpgradeCheck = 0820;
				ORGANIZATIONNAME = Vest;
				TargetAttributes = {
					FB5C9B6B1F1BB72700448D72 = {
						CreatedOnToolsVersion = 8.2.1;
						ProvisioningStyle = Manual;
					};
					FB5C9B7F1F1BB72800448D72 = {
						CreatedOnToolsVersion = 8.2.1;
						ProvisioningStyle = Automatic;
						TestTargetID = FB5C9B6B1F1BB72700448D72;
					};
				};
			};
			buildConfigurationList = FB5C9B671F1BB72700448D72 /* Build configuration list for PBXProject "FoodTracker" */;
			compatibilityVersion = "Xcode 8.0";
			developmentRegion = English;
			hasScannedForEncodings = 0;
			knownRegions = (
				en,
				Base,
			);
			mainGroup = FB5C9B631F1BB72700448D72;
			productRefGroup = FB5C9B6D1F1BB72700448D72 /* Products */;
			projectDirPath = "";
			projectRoot = "";
			targets = (
				FB5C9B6B1F1BB72700448D72 /* FoodTracker */,
				FB5C9B7F1F1BB72800448D72 /* FoodTrackerTests */,
			);
		};
/* End PBXProject section */

/* Begin PBXResourcesBuildPhase section */
		FB5C9B6A1F1BB72700448D72 /* Resources */ = {
			isa = PBXResourcesBuildPhase;
			buildActionMask = 2147483647;
			files = (
				FB5C9B7A1F1BB72700448D72 /* LaunchScreen.storyboard in Resources */,
				FB5C9B771F1BB72700448D72 /* Assets.xcassets in Resources */,
				FB5C9B751F1BB72700448D72 /* Main.storyboard in Resources */,
			);
			runOnlyForDeploymentPostprocessing = 0;
		};
		FB5C9B7E1F1BB72800448D72 /* Resources */ = {
			isa = PBXResourcesBuildPhase;
			buildActionMask = 2147483647;
			files = (
			);
			runOnlyForDeploymentPostprocessing = 0;
		};
/* End PBXResourcesBuildPhase section */

/* Begin PBXSourcesBuildPhase section */
		FB5C9B681F1BB72700448D72 /* Sources */ = {
			isa = PBXSourcesBuildPhase;
			buildActionMask = 2147483647;
			files = (
				FB5C9B721F1BB72700448D72 /* ViewController.swift in Sources */,
				FB5C9B701F1BB72700448D72 /* AppDelegate.swift in Sources */,
			);
			runOnlyForDeploymentPostprocessing = 0;
		};
		FB5C9B7C1F1BB72800448D72 /* Sources */ = {
			isa = PBXSourcesBuildPhase;
			buildActionMask = 2147483647;
			files = (
				FB5C9B851F1BB72800448D72 /* FoodTrackerTests.swift in Sources */,
			);
			runOnlyForDeploymentPostprocessing = 0;
		};
/* End PBXSourcesBuildPhase section */

/* Begin PBXTargetDependency section */
		FB5C9B821F1BB72800448D72 /* PBXTargetDependency */ = {
			isa = PBXTargetDependency;
			target = FB5C9B6B1F1BB72700448D72 /* FoodTracker */;
			targetProxy = FB5C9B811F1BB72800448D72 /* PBXContainerItemProxy */;
		};
/* End PBXTargetDependency section */

/* Begin PBXVariantGroup section */
		FB5C9B731F1BB72700448D72 /* Main.storyboard */ = {
			isa = PBXVariantGroup;
			children = (
				FB5C9B741F1BB72700448D72 /* Base */,
			);
			name = Main.storyboard;
			sourceTree = "<group>";
		};
		FB5C9B781F1BB72700448D72 /* LaunchScreen.storyboard */ = {
			isa = PBXVariantGroup;
			children = (
				FB5C9B791F1BB72700448D72 /* Base */,
			);
			name = LaunchScreen.storyboard;
			sourceTree = "<group>";
		};
/* End PBXVariantGroup section */

/* Begin XCBuildConfiguration section */
		FB5C9B871F1BB72800448D72 /* Debug */ = {
			isa = XCBuildConfiguration;
			buildSettings = {
				ALWAYS_SEARCH_USER_PATHS = NO;
				CLANG_ANALYZER_NONNULL = YES;
				CLANG_CXX_LANGUAGE_STANDARD = "gnu++0x";
				CLANG_CXX_LIBRARY = "libc++";
				CLANG_ENABLE_MODULES = YES;
				CLANG_ENABLE_OBJC_ARC = YES;
				CLANG_WARN_BOOL_CONVERSION = YES;
				CLANG_WARN_CONSTANT_CONVERSION = YES;
				CLANG_WARN_DIRECT_OBJC_ISA_USAGE = YES_ERROR;
				CLANG_WARN_DOCUMENTATION_COMMENTS = YES;
				CLANG_WARN_EMPTY_BODY = YES;
				CLANG_WARN_ENUM_CONVERSION = YES;
				CLANG_WARN_INFINITE_RECURSION = YES;
				CLANG_WARN_INT_CONVERSION = YES;
				CLANG_WARN_OBJC_ROOT_CLASS = YES_ERROR;
				CLANG_WARN_SUSPICIOUS_MOVE = YES;
				CLANG_WARN_UNREACHABLE_CODE = YES;
				CLANG_WARN__DUPLICATE_METHOD_MATCH = YES;
				"CODE_SIGN_IDENTITY[sdk=iphoneos*]" = "iPhone Developer";
				COPY_PHASE_STRIP = NO;
				DEBUG_INFORMATION_FORMAT = dwarf;
				ENABLE_STRICT_OBJC_MSGSEND = YES;
				ENABLE_TESTABILITY = YES;
				GCC_C_LANGUAGE_STANDARD = gnu99;
				GCC_DYNAMIC_NO_PIC = NO;
				GCC_NO_COMMON_BLOCKS = YES;
				GCC_OPTIMIZATION_LEVEL = 0;
				GCC_PREPROCESSOR_DEFINITIONS = (
					"DEBUG=1",
					"$(inherited)",
				);
				GCC_WARN_64_TO_32_BIT_CONVERSION = YES;
				GCC_WARN_ABOUT_RETURN_TYPE = YES_ERROR;
				GCC_WARN_UNDECLARED_SELECTOR = YES;
				GCC_WARN_UNINITIALIZED_AUTOS = YES_AGGRESSIVE;
				GCC_WARN_UNUSED_FUNCTION = YES;
				GCC_WARN_UNUSED_VARIABLE = YES;
				IPHONEOS_DEPLOYMENT_TARGET = 10.2;
				MTL_ENABLE_DEBUG_INFO = YES;
				ONLY_ACTIVE_ARCH = YES;
				SDKROOT = iphoneos;
				SWIFT_ACTIVE_COMPILATION_CONDITIONS = DEBUG;
				SWIFT_OPTIMIZATION_LEVEL = "-Onone";
				TARGETED_DEVICE_FAMILY = "1,2";
			};
			name = Debug;
		};
		FB5C9B881F1BB72800448D72 /* Release */ = {
			isa = XCBuildConfiguration;
			buildSettings = {
				ALWAYS_SEARCH_USER_PATHS = NO;
				CLANG_ANALYZER_NONNULL = YES;
				CLANG_CXX_LANGUAGE_STANDARD = "gnu++0x";
				CLANG_CXX_LIBRARY = "libc++";
				CLANG_ENABLE_MODULES = YES;
				CLANG_ENABLE_OBJC_ARC = YES;
				CLANG_WARN_BOOL_CONVERSION = YES;
				CLANG_WARN_CONSTANT_CONVERSION = YES;
				CLANG_WARN_DIRECT_OBJC_ISA_USAGE = YES_ERROR;
				CLANG_WARN_DOCUMENTATION_COMMENTS = YES;
				CLANG_WARN_EMPTY_BODY = YES;
				CLANG_WARN_ENUM_CONVERSION = YES;
				CLANG_WARN_INFINITE_RECURSION = YES;
				CLANG_WARN_INT_CONVERSION = YES;
				CLANG_WARN_OBJC_ROOT_CLASS = YES_ERROR;
				CLANG_WARN_SUSPICIOUS_MOVE = YES;
				CLANG_WARN_UNREACHABLE_CODE = YES;
				CLANG_WARN__DUPLICATE_METHOD_MATCH = YES;
				"CODE_SIGN_IDENTITY[sdk=iphoneos*]" = "iPhone Developer";
				COPY_PHASE_STRIP = NO;
				DEBUG_INFORMATION_FORMAT = "dwarf-with-dsym";
				ENABLE_NS_ASSERTIONS = NO;
				ENABLE_STRICT_OBJC_MSGSEND = YES;
				GCC_C_LANGUAGE_STANDARD = gnu99;
				GCC_NO_COMMON_BLOCKS = YES;
				GCC_WARN_64_TO_32_BIT_CONVERSION = YES;
				GCC_WARN_ABOUT_RETURN_TYPE = YES_ERROR;
				GCC_WARN_UNDECLARED_SELECTOR = YES;
				GCC_WARN_UNINITIALIZED_AUTOS = YES_AGGRESSIVE;
				GCC_WARN_UNUSED_FUNCTION = YES;
				GCC_WARN_UNUSED_VARIABLE = YES;
				IPHONEOS_DEPLOYMENT_TARGET = 10.2;
				MTL_ENABLE_DEBUG_INFO = NO;
				SDKROOT = iphoneos;
				SWIFT_OPTIMIZATION_LEVEL = "-Owholemodule";
				TARGETED_DEVICE_FAMILY = "1,2";
				VALIDATE_PRODUCT = YES;
			};
			name = Release;
		};
		FB5C9B8A1F1BB72800448D72 /* Debug */ = {
			isa = XCBuildConfiguration;
			buildSettings = {
				ASSETCATALOG_COMPILER_APPICON_NAME = AppIcon;
				DEVELOPMENT_TEAM = "";
				INFOPLIST_FILE = FoodTracker/Info.plist;
				LD_RUNPATH_SEARCH_PATHS = "$(inherited) @executable_path/Frameworks";
				PRODUCT_BUNDLE_IDENTIFIER = com.test.FoodTracker;
				PRODUCT_NAME = "$(TARGET_NAME)";
				SWIFT_VERSION = 3.0;
			};
			name = Debug;
		};
		FB5C9B8B1F1BB72800448D72 /* Release */ = {
			isa = XCBuildConfiguration;
			buildSettings = {
				ASSETCATALOG_COMPILER_APPICON_NAME = AppIcon;
				DEVELOPMENT_TEAM = "";
				INFOPLIST_FILE = FoodTracker/Info.plist;
				LD_RUNPATH_SEARCH_PATHS = "$(inherited) @executable_path/Frameworks";
				PRODUCT_BUNDLE_IDENTIFIER = com.test.FoodTracker;
				PRODUCT_NAME = "$(TARGET_NAME)";
				SWIFT_VERSION = 3.0;
			};
			name = Release;
		};
		FB5C9B8D1F1BB72800448D72 /* Debug */ = {
			isa = XCBuildConfiguration;
			buildSettings = {
				ALWAYS_EMBED_SWIFT_STANDARD_LIBRARIES = YES;
				BUNDLE_LOADER = "$(TEST_HOST)";
				INFOPLIST_FILE = FoodTrackerTests/Info.plist;
				LD_RUNPATH_SEARCH_PATHS = "$(inherited) @executable_path/Frameworks @loader_path/Frameworks";
				PRODUCT_BUNDLE_IDENTIFIER = com.test.FoodTrackerTests;
				PRODUCT_NAME = "$(TARGET_NAME)";
				SWIFT_VERSION = 3.0;
				TEST_HOST = "$(BUILT_PRODUCTS_DIR)/FoodTracker.app/FoodTracker";
			};
			name = Debug;
		};
		FB5C9B8E1F1BB72800448D72 /* Release */ = {
			isa = XCBuildConfiguration;
			buildSettings = {
				ALWAYS_EMBED_SWIFT_STANDARD_LIBRARIES = YES;
				BUNDLE_LOADER = "$(TEST_HOST)";
				INFOPLIST_FILE = FoodTrackerTests/Info.plist;
				LD_RUNPATH_SEARCH_PATHS = "$(inherited) @executable_path/Frameworks @loader_path/Frameworks";
				PRODUCT_BUNDLE_IDENTIFIER = com.test.FoodTrackerTests;
				PRODUCT_NAME = "$(TARGET_NAME)";
				SWIFT_VERSION = 3.0;
				TEST_HOST = "$(BUILT_PRODUCTS_DIR)/FoodTracker.app/FoodTracker";
			};
			name = Release;
		};
/* End XCBuildConfiguration section */

/* Begin XCConfigurationList section */
		FB5C9B671F1BB72700448D72 /* Build configuration list for PBXProject "FoodTracker" */ = {
			isa = XCConfigurationList;
			buildConfigurations = (
				FB5C9B871F1BB72800448D72 /* Debug */,
				FB5C9B881F1BB72800448D72 /* Release */,
			);
			defaultConfigurationIsVisible = 0;
			defaultConfigurationName = Release;
		};
		FB5C9B891F1BB72800448D72 /* Build configuration list for PBXNativeTarget "FoodTracker" */ = {
			isa = XCConfigurationList;
			buildConfigurations = (
				FB5C9B8A1F1BB72800448D72 /* Debug */,
				FB5C9B8B1F1BB72800448D72 /* Release */,
			);
			defaultConfigurationIsVisible = 0;
			defaultConfigurationName = Release;
		};
		FB5C9B8C1F1BB72800448D72 /* Build configuration list for PBXNativeTarget "FoodTrackerTests" */ = {
			isa = XCConfigurationList;
			buildConfigurations = (
				FB5C9B8D1F1BB72800448D72 /* Debug */,
				FB5C9B8E1F1BB72800448D72 /* Release */,
			);
			defaultConfigurationIsVisible = 0;
			defaultConfigurationName = Release;
		};
/* End XCConfigurationList section */
	};
	rootObject = FB5C9B641F1BB72700448D72 /* Project object */;
}
